// !$*UTF8*$!
{
	archiveVersion = 1;
	classes = {
	};
	objectVersion = 56;
	objects = {

/* Begin PBXBuildFile section */
		4A2EF38A2C2DEF4500A6E6F1 /* SwiftDataCoreDataApp.swift in Sources */ = {isa = PBXBuildFile; fileRef = 4A2EF3892C2DEF4500A6E6F1 /* SwiftDataCoreDataApp.swift */; };
		4A2EF38E2C2DEF4600A6E6F1 /* Assets.xcassets in Resources */ = {isa = PBXBuildFile; fileRef = 4A2EF38D2C2DEF4600A6E6F1 /* Assets.xcassets */; };
		4A2EF3912C2DEF4600A6E6F1 /* Preview Assets.xcassets in Resources */ = {isa = PBXBuildFile; fileRef = 4A2EF3902C2DEF4600A6E6F1 /* Preview Assets.xcassets */; };
		4A2EF39B2C2DEF4600A6E6F1 /* SwiftDataCoreDataTests.swift in Sources */ = {isa = PBXBuildFile; fileRef = 4A2EF39A2C2DEF4600A6E6F1 /* SwiftDataCoreDataTests.swift */; };
		4A2EF3B72C2DF13D00A6E6F1 /* User.swift in Sources */ = {isa = PBXBuildFile; fileRef = 4A2EF3B62C2DF13D00A6E6F1 /* User.swift */; };
		4A2EF3BC2C2DF18100A6E6F1 /* Objective.swift in Sources */ = {isa = PBXBuildFile; fileRef = 4A2EF3BB2C2DF18100A6E6F1 /* Objective.swift */; };
		4A2EF3BE2C2DF1DE00A6E6F1 /* Habit.swift in Sources */ = {isa = PBXBuildFile; fileRef = 4A2EF3BD2C2DF1DE00A6E6F1 /* Habit.swift */; };
		4A2EF3C12C2DF28700A6E6F1 /* UserRepository.swift in Sources */ = {isa = PBXBuildFile; fileRef = 4A2EF3C02C2DF28700A6E6F1 /* UserRepository.swift */; };
		4A2EF3C42C2DF2AF00A6E6F1 /* UserSwiftDataService.swift in Sources */ = {isa = PBXBuildFile; fileRef = 4A2EF3C32C2DF2AF00A6E6F1 /* UserSwiftDataService.swift */; };
		4A2EF3C62C2DF38300A6E6F1 /* UserSwiftDataTests.swift in Sources */ = {isa = PBXBuildFile; fileRef = 4A2EF3C52C2DF38300A6E6F1 /* UserSwiftDataTests.swift */; };
		4A390DBB2C2DF61D00486AE9 /* AppTabBar.swift in Sources */ = {isa = PBXBuildFile; fileRef = 4A390DBA2C2DF61D00486AE9 /* AppTabBar.swift */; };
		4AAB21352C372C0F00D8CAC6 /* AddObjetiveSheet.swift in Sources */ = {isa = PBXBuildFile; fileRef = 4AAB21342C372C0F00D8CAC6 /* AddObjetiveSheet.swift */; };
		4AF90D812C35ECE70020BD07 /* HomeView.swift in Sources */ = {isa = PBXBuildFile; fileRef = 4AF90D802C35ECE70020BD07 /* HomeView.swift */; };
		4AF90D842C35ED190020BD07 /* HomeViewModel.swift in Sources */ = {isa = PBXBuildFile; fileRef = 4AF90D832C35ED190020BD07 /* HomeViewModel.swift */; };
/* End PBXBuildFile section */

/* Begin PBXContainerItemProxy section */
		4A2EF3972C2DEF4600A6E6F1 /* PBXContainerItemProxy */ = {
			isa = PBXContainerItemProxy;
			containerPortal = 4A2EF37E2C2DEF4500A6E6F1 /* Project object */;
			proxyType = 1;
			remoteGlobalIDString = 4A2EF3852C2DEF4500A6E6F1;
			remoteInfo = SwiftDataCoreData;
		};
/* End PBXContainerItemProxy section */

/* Begin PBXFileReference section */
		4A2EF3862C2DEF4500A6E6F1 /* SwiftDataCoreData.app */ = {isa = PBXFileReference; explicitFileType = wrapper.application; includeInIndex = 0; path = SwiftDataCoreData.app; sourceTree = BUILT_PRODUCTS_DIR; };
		4A2EF3892C2DEF4500A6E6F1 /* SwiftDataCoreDataApp.swift */ = {isa = PBXFileReference; lastKnownFileType = sourcecode.swift; path = SwiftDataCoreDataApp.swift; sourceTree = "<group>"; };
		4A2EF38D2C2DEF4600A6E6F1 /* Assets.xcassets */ = {isa = PBXFileReference; lastKnownFileType = folder.assetcatalog; path = Assets.xcassets; sourceTree = "<group>"; };
		4A2EF3902C2DEF4600A6E6F1 /* Preview Assets.xcassets */ = {isa = PBXFileReference; lastKnownFileType = folder.assetcatalog; path = "Preview Assets.xcassets"; sourceTree = "<group>"; };
		4A2EF3962C2DEF4600A6E6F1 /* SwiftDataCoreDataTests.xctest */ = {isa = PBXFileReference; explicitFileType = wrapper.cfbundle; includeInIndex = 0; path = SwiftDataCoreDataTests.xctest; sourceTree = BUILT_PRODUCTS_DIR; };
		4A2EF39A2C2DEF4600A6E6F1 /* SwiftDataCoreDataTests.swift */ = {isa = PBXFileReference; lastKnownFileType = sourcecode.swift; path = SwiftDataCoreDataTests.swift; sourceTree = "<group>"; };
		4A2EF3B62C2DF13D00A6E6F1 /* User.swift */ = {isa = PBXFileReference; lastKnownFileType = sourcecode.swift; path = User.swift; sourceTree = "<group>"; };
		4A2EF3BB2C2DF18100A6E6F1 /* Objective.swift */ = {isa = PBXFileReference; lastKnownFileType = sourcecode.swift; path = Objective.swift; sourceTree = "<group>"; };
		4A2EF3BD2C2DF1DE00A6E6F1 /* Habit.swift */ = {isa = PBXFileReference; lastKnownFileType = sourcecode.swift; path = Habit.swift; sourceTree = "<group>"; };
		4A2EF3C02C2DF28700A6E6F1 /* UserRepository.swift */ = {isa = PBXFileReference; lastKnownFileType = sourcecode.swift; path = UserRepository.swift; sourceTree = "<group>"; };
		4A2EF3C32C2DF2AF00A6E6F1 /* UserSwiftDataService.swift */ = {isa = PBXFileReference; lastKnownFileType = sourcecode.swift; path = UserSwiftDataService.swift; sourceTree = "<group>"; };
		4A2EF3C52C2DF38300A6E6F1 /* UserSwiftDataTests.swift */ = {isa = PBXFileReference; lastKnownFileType = sourcecode.swift; path = UserSwiftDataTests.swift; sourceTree = "<group>"; };
		4A390DBA2C2DF61D00486AE9 /* AppTabBar.swift */ = {isa = PBXFileReference; lastKnownFileType = sourcecode.swift; path = AppTabBar.swift; sourceTree = "<group>"; };
		4AAB21342C372C0F00D8CAC6 /* AddObjetiveSheet.swift */ = {isa = PBXFileReference; lastKnownFileType = sourcecode.swift; path = AddObjetiveSheet.swift; sourceTree = "<group>"; };
		4AF90D802C35ECE70020BD07 /* HomeView.swift */ = {isa = PBXFileReference; lastKnownFileType = sourcecode.swift; path = HomeView.swift; sourceTree = "<group>"; };
		4AF90D832C35ED190020BD07 /* HomeViewModel.swift */ = {isa = PBXFileReference; lastKnownFileType = sourcecode.swift; path = HomeViewModel.swift; sourceTree = "<group>"; };
/* End PBXFileReference section */

/* Begin PBXFrameworksBuildPhase section */
		4A2EF3832C2DEF4500A6E6F1 /* Frameworks */ = {
			isa = PBXFrameworksBuildPhase;
			buildActionMask = 2147483647;
			files = (
			);
			runOnlyForDeploymentPostprocessing = 0;
		};
		4A2EF3932C2DEF4600A6E6F1 /* Frameworks */ = {
			isa = PBXFrameworksBuildPhase;
			buildActionMask = 2147483647;
			files = (
			);
			runOnlyForDeploymentPostprocessing = 0;
		};
/* End PBXFrameworksBuildPhase section */

/* Begin PBXGroup section */
		4A2EF37D2C2DEF4500A6E6F1 = {
			isa = PBXGroup;
			children = (
				4A2EF3882C2DEF4500A6E6F1 /* SwiftDataCoreData */,
				4A2EF3872C2DEF4500A6E6F1 /* Products */,
			);
			sourceTree = "<group>";
		};
		4A2EF3872C2DEF4500A6E6F1 /* Products */ = {
			isa = PBXGroup;
			children = (
				4A2EF3862C2DEF4500A6E6F1 /* SwiftDataCoreData.app */,
				4A2EF3962C2DEF4600A6E6F1 /* SwiftDataCoreDataTests.xctest */,
			);
			name = Products;
			sourceTree = "<group>";
		};
		4A2EF3882C2DEF4500A6E6F1 /* SwiftDataCoreData */ = {
			isa = PBXGroup;
			children = (
				4A2EF38D2C2DEF4600A6E6F1 /* Assets.xcassets */,
				4A2EF3892C2DEF4500A6E6F1 /* SwiftDataCoreDataApp.swift */,
				4A390DBA2C2DF61D00486AE9 /* AppTabBar.swift */,
				4A2EF3B32C2DEFF100A6E6F1 /* Database */,
				4AF90D7E2C35ECCA0020BD07 /* Home */,
				4A2EF38F2C2DEF4600A6E6F1 /* Preview Content */,
				4A2EF3992C2DEF4600A6E6F1 /* SwiftDataCoreDataTests */,
			);
			path = SwiftDataCoreData;
			sourceTree = "<group>";
		};
		4A2EF38F2C2DEF4600A6E6F1 /* Preview Content */ = {
			isa = PBXGroup;
			children = (
				4A2EF3902C2DEF4600A6E6F1 /* Preview Assets.xcassets */,
			);
			path = "Preview Content";
			sourceTree = "<group>";
		};
		4A2EF3992C2DEF4600A6E6F1 /* SwiftDataCoreDataTests */ = {
			isa = PBXGroup;
			children = (
				4A2EF39A2C2DEF4600A6E6F1 /* SwiftDataCoreDataTests.swift */,
				4A2EF3C52C2DF38300A6E6F1 /* UserSwiftDataTests.swift */,
			);
			path = SwiftDataCoreDataTests;
			sourceTree = "<group>";
		};
		4A2EF3B32C2DEFF100A6E6F1 /* Database */ = {
			isa = PBXGroup;
			children = (
				4A2EF3B52C2DF12900A6E6F1 /* Models */,
				4A2EF3BF2C2DF25D00A6E6F1 /* Repository */,
				4A2EF3C22C2DF29200A6E6F1 /* Services */,
			);
			path = Database;
			sourceTree = "<group>";
		};
		4A2EF3B52C2DF12900A6E6F1 /* Models */ = {
			isa = PBXGroup;
			children = (
				4A2EF3B62C2DF13D00A6E6F1 /* User.swift */,
				4A2EF3BB2C2DF18100A6E6F1 /* Objective.swift */,
				4A2EF3BD2C2DF1DE00A6E6F1 /* Habit.swift */,
			);
			path = Models;
			sourceTree = "<group>";
		};
		4A2EF3BF2C2DF25D00A6E6F1 /* Repository */ = {
			isa = PBXGroup;
			children = (
				4A2EF3C02C2DF28700A6E6F1 /* UserRepository.swift */,
			);
			path = Repository;
			sourceTree = "<group>";
		};
		4A2EF3C22C2DF29200A6E6F1 /* Services */ = {
			isa = PBXGroup;
			children = (
				4A2EF3C32C2DF2AF00A6E6F1 /* UserSwiftDataService.swift */,
			);
			path = Services;
			sourceTree = "<group>";
		};
		4AAB21332C372B1300D8CAC6 /* Components */ = {
			isa = PBXGroup;
			children = (
				4AAB21342C372C0F00D8CAC6 /* AddObjetiveSheet.swift */,
			);
			path = Components;
			sourceTree = "<group>";
		};
		4AF90D7E2C35ECCA0020BD07 /* Home */ = {
			isa = PBXGroup;
			children = (
				4AAB21332C372B1300D8CAC6 /* Components */,
				4AF90D7F2C35ECDD0020BD07 /* View */,
				4AF90D822C35ED040020BD07 /* ViewModel */,
			);
			path = Home;
			sourceTree = "<group>";
		};
		4AF90D7F2C35ECDD0020BD07 /* View */ = {
			isa = PBXGroup;
			children = (
				4AF90D802C35ECE70020BD07 /* HomeView.swift */,
			);
			path = View;
			sourceTree = "<group>";
		};
		4AF90D822C35ED040020BD07 /* ViewModel */ = {
			isa = PBXGroup;
			children = (
				4AF90D832C35ED190020BD07 /* HomeViewModel.swift */,
			);
			path = ViewModel;
			sourceTree = "<group>";
		};
/* End PBXGroup section */

/* Begin PBXNativeTarget section */
		4A2EF3852C2DEF4500A6E6F1 /* SwiftDataCoreData */ = {
			isa = PBXNativeTarget;
			buildConfigurationList = 4A2EF3AA2C2DEF4600A6E6F1 /* Build configuration list for PBXNativeTarget "SwiftDataCoreData" */;
			buildPhases = (
				4A2EF3822C2DEF4500A6E6F1 /* Sources */,
				4A2EF3832C2DEF4500A6E6F1 /* Frameworks */,
				4A2EF3842C2DEF4500A6E6F1 /* Resources */,
			);
			buildRules = (
			);
			dependencies = (
			);
			name = SwiftDataCoreData;
			productName = SwiftDataCoreData;
			productReference = 4A2EF3862C2DEF4500A6E6F1 /* SwiftDataCoreData.app */;
			productType = "com.apple.product-type.application";
		};
		4A2EF3952C2DEF4600A6E6F1 /* SwiftDataCoreDataTests */ = {
			isa = PBXNativeTarget;
			buildConfigurationList = 4A2EF3AD2C2DEF4600A6E6F1 /* Build configuration list for PBXNativeTarget "SwiftDataCoreDataTests" */;
			buildPhases = (
				4A2EF3922C2DEF4600A6E6F1 /* Sources */,
				4A2EF3932C2DEF4600A6E6F1 /* Frameworks */,
				4A2EF3942C2DEF4600A6E6F1 /* Resources */,
			);
			buildRules = (
			);
			dependencies = (
				4A2EF3982C2DEF4600A6E6F1 /* PBXTargetDependency */,
			);
			name = SwiftDataCoreDataTests;
			productName = SwiftDataCoreDataTests;
			productReference = 4A2EF3962C2DEF4600A6E6F1 /* SwiftDataCoreDataTests.xctest */;
			productType = "com.apple.product-type.bundle.unit-test";
		};
/* End PBXNativeTarget section */

/* Begin PBXProject section */
		4A2EF37E2C2DEF4500A6E6F1 /* Project object */ = {
			isa = PBXProject;
			attributes = {
				BuildIndependentTargetsInParallel = 1;
				LastSwiftUpdateCheck = 1530;
				LastUpgradeCheck = 1530;
				TargetAttributes = {
					4A2EF3852C2DEF4500A6E6F1 = {
						CreatedOnToolsVersion = 15.3;
					};
					4A2EF3952C2DEF4600A6E6F1 = {
						CreatedOnToolsVersion = 15.3;
						TestTargetID = 4A2EF3852C2DEF4500A6E6F1;
					};
				};
			};
			buildConfigurationList = 4A2EF3812C2DEF4500A6E6F1 /* Build configuration list for PBXProject "SwiftDataCoreData" */;
			compatibilityVersion = "Xcode 14.0";
			developmentRegion = en;
			hasScannedForEncodings = 0;
			knownRegions = (
				en,
				Base,
			);
			mainGroup = 4A2EF37D2C2DEF4500A6E6F1;
			productRefGroup = 4A2EF3872C2DEF4500A6E6F1 /* Products */;
			projectDirPath = "";
			projectRoot = "";
			targets = (
				4A2EF3852C2DEF4500A6E6F1 /* SwiftDataCoreData */,
				4A2EF3952C2DEF4600A6E6F1 /* SwiftDataCoreDataTests */,
			);
		};
/* End PBXProject section */

/* Begin PBXResourcesBuildPhase section */
		4A2EF3842C2DEF4500A6E6F1 /* Resources */ = {
			isa = PBXResourcesBuildPhase;
			buildActionMask = 2147483647;
			files = (
				4A2EF3912C2DEF4600A6E6F1 /* Preview Assets.xcassets in Resources */,
				4A2EF38E2C2DEF4600A6E6F1 /* Assets.xcassets in Resources */,
			);
			runOnlyForDeploymentPostprocessing = 0;
		};
		4A2EF3942C2DEF4600A6E6F1 /* Resources */ = {
			isa = PBXResourcesBuildPhase;
			buildActionMask = 2147483647;
			files = (
			);
			runOnlyForDeploymentPostprocessing = 0;
		};
/* End PBXResourcesBuildPhase section */

/* Begin PBXSourcesBuildPhase section */
		4A2EF3822C2DEF4500A6E6F1 /* Sources */ = {
			isa = PBXSourcesBuildPhase;
			buildActionMask = 2147483647;
			files = (
				4A2EF3BE2C2DF1DE00A6E6F1 /* Habit.swift in Sources */,
				4AF90D842C35ED190020BD07 /* HomeViewModel.swift in Sources */,
				4A2EF3C42C2DF2AF00A6E6F1 /* UserSwiftDataService.swift in Sources */,
				4A2EF3C12C2DF28700A6E6F1 /* UserRepository.swift in Sources */,
				4A2EF3BC2C2DF18100A6E6F1 /* Objective.swift in Sources */,
				4A2EF38A2C2DEF4500A6E6F1 /* SwiftDataCoreDataApp.swift in Sources */,
				4AF90D812C35ECE70020BD07 /* HomeView.swift in Sources */,
				4AAB21352C372C0F00D8CAC6 /* AddObjetiveSheet.swift in Sources */,
				4A2EF3B72C2DF13D00A6E6F1 /* User.swift in Sources */,
				4A390DBB2C2DF61D00486AE9 /* AppTabBar.swift in Sources */,
			);
			runOnlyForDeploymentPostprocessing = 0;
		};
		4A2EF3922C2DEF4600A6E6F1 /* Sources */ = {
			isa = PBXSourcesBuildPhase;
			buildActionMask = 2147483647;
			files = (
				4A2EF3C62C2DF38300A6E6F1 /* UserSwiftDataTests.swift in Sources */,
				4A2EF39B2C2DEF4600A6E6F1 /* SwiftDataCoreDataTests.swift in Sources */,
			);
			runOnlyForDeploymentPostprocessing = 0;
		};
/* End PBXSourcesBuildPhase section */

/* Begin PBXTargetDependency section */
		4A2EF3982C2DEF4600A6E6F1 /* PBXTargetDependency */ = {
			isa = PBXTargetDependency;
			target = 4A2EF3852C2DEF4500A6E6F1 /* SwiftDataCoreData */;
			targetProxy = 4A2EF3972C2DEF4600A6E6F1 /* PBXContainerItemProxy */;
		};
/* End PBXTargetDependency section */

/* Begin XCBuildConfiguration section */
		4A2EF3A82C2DEF4600A6E6F1 /* Debug */ = {
			isa = XCBuildConfiguration;
			buildSettings = {
				ALWAYS_SEARCH_USER_PATHS = NO;
				ASSETCATALOG_COMPILER_GENERATE_SWIFT_ASSET_SYMBOL_EXTENSIONS = YES;
				CLANG_ANALYZER_NONNULL = YES;
				CLANG_ANALYZER_NUMBER_OBJECT_CONVERSION = YES_AGGRESSIVE;
				CLANG_CXX_LANGUAGE_STANDARD = "gnu++20";
				CLANG_ENABLE_MODULES = YES;
				CLANG_ENABLE_OBJC_ARC = YES;
				CLANG_ENABLE_OBJC_WEAK = YES;
				CLANG_WARN_BLOCK_CAPTURE_AUTORELEASING = YES;
				CLANG_WARN_BOOL_CONVERSION = YES;
				CLANG_WARN_COMMA = YES;
				CLANG_WARN_CONSTANT_CONVERSION = YES;
				CLANG_WARN_DEPRECATED_OBJC_IMPLEMENTATIONS = YES;
				CLANG_WARN_DIRECT_OBJC_ISA_USAGE = YES_ERROR;
				CLANG_WARN_DOCUMENTATION_COMMENTS = YES;
				CLANG_WARN_EMPTY_BODY = YES;
				CLANG_WARN_ENUM_CONVERSION = YES;
				CLANG_WARN_INFINITE_RECURSION = YES;
				CLANG_WARN_INT_CONVERSION = YES;
				CLANG_WARN_NON_LITERAL_NULL_CONVERSION = YES;
				CLANG_WARN_OBJC_IMPLICIT_RETAIN_SELF = YES;
				CLANG_WARN_OBJC_LITERAL_CONVERSION = YES;
				CLANG_WARN_OBJC_ROOT_CLASS = YES_ERROR;
				CLANG_WARN_QUOTED_INCLUDE_IN_FRAMEWORK_HEADER = YES;
				CLANG_WARN_RANGE_LOOP_ANALYSIS = YES;
				CLANG_WARN_STRICT_PROTOTYPES = YES;
				CLANG_WARN_SUSPICIOUS_MOVE = YES;
				CLANG_WARN_UNGUARDED_AVAILABILITY = YES_AGGRESSIVE;
				CLANG_WARN_UNREACHABLE_CODE = YES;
				CLANG_WARN__DUPLICATE_METHOD_MATCH = YES;
				COPY_PHASE_STRIP = NO;
				DEBUG_INFORMATION_FORMAT = dwarf;
				ENABLE_STRICT_OBJC_MSGSEND = YES;
				ENABLE_TESTABILITY = YES;
				ENABLE_USER_SCRIPT_SANDBOXING = YES;
				GCC_C_LANGUAGE_STANDARD = gnu17;
				GCC_DYNAMIC_NO_PIC = NO;
				GCC_NO_COMMON_BLOCKS = YES;
				GCC_OPTIMIZATION_LEVEL = 0;
				GCC_PREPROCESSOR_DEFINITIONS = (
					"DEBUG=1",
					"$(inherited)",
				);
				GCC_WARN_64_TO_32_BIT_CONVERSION = YES;
				GCC_WARN_ABOUT_RETURN_TYPE = YES_ERROR;
				GCC_WARN_UNDECLARED_SELECTOR = YES;
				GCC_WARN_UNINITIALIZED_AUTOS = YES_AGGRESSIVE;
				GCC_WARN_UNUSED_FUNCTION = YES;
				GCC_WARN_UNUSED_VARIABLE = YES;
				IPHONEOS_DEPLOYMENT_TARGET = 17.4;
				LOCALIZATION_PREFERS_STRING_CATALOGS = YES;
				MTL_ENABLE_DEBUG_INFO = INCLUDE_SOURCE;
				MTL_FAST_MATH = YES;
				ONLY_ACTIVE_ARCH = YES;
				SDKROOT = iphoneos;
				SWIFT_ACTIVE_COMPILATION_CONDITIONS = "DEBUG $(inherited)";
				SWIFT_OPTIMIZATION_LEVEL = "-Onone";
			};
			name = Debug;
		};
		4A2EF3A92C2DEF4600A6E6F1 /* Release */ = {
			isa = XCBuildConfiguration;
			buildSettings = {
				ALWAYS_SEARCH_USER_PATHS = NO;
				ASSETCATALOG_COMPILER_GENERATE_SWIFT_ASSET_SYMBOL_EXTENSIONS = YES;
				CLANG_ANALYZER_NONNULL = YES;
				CLANG_ANALYZER_NUMBER_OBJECT_CONVERSION = YES_AGGRESSIVE;
				CLANG_CXX_LANGUAGE_STANDARD = "gnu++20";
				CLANG_ENABLE_MODULES = YES;
				CLANG_ENABLE_OBJC_ARC = YES;
				CLANG_ENABLE_OBJC_WEAK = YES;
				CLANG_WARN_BLOCK_CAPTURE_AUTORELEASING = YES;
				CLANG_WARN_BOOL_CONVERSION = YES;
				CLANG_WARN_COMMA = YES;
				CLANG_WARN_CONSTANT_CONVERSION = YES;
				CLANG_WARN_DEPRECATED_OBJC_IMPLEMENTATIONS = YES;
				CLANG_WARN_DIRECT_OBJC_ISA_USAGE = YES_ERROR;
				CLANG_WARN_DOCUMENTATION_COMMENTS = YES;
				CLANG_WARN_EMPTY_BODY = YES;
				CLANG_WARN_ENUM_CONVERSION = YES;
				CLANG_WARN_INFINITE_RECURSION = YES;
				CLANG_WARN_INT_CONVERSION = YES;
				CLANG_WARN_NON_LITERAL_NULL_CONVERSION = YES;
				CLANG_WARN_OBJC_IMPLICIT_RETAIN_SELF = YES;
				CLANG_WARN_OBJC_LITERAL_CONVERSION = YES;
				CLANG_WARN_OBJC_ROOT_CLASS = YES_ERROR;
				CLANG_WARN_QUOTED_INCLUDE_IN_FRAMEWORK_HEADER = YES;
				CLANG_WARN_RANGE_LOOP_ANALYSIS = YES;
				CLANG_WARN_STRICT_PROTOTYPES = YES;
				CLANG_WARN_SUSPICIOUS_MOVE = YES;
				CLANG_WARN_UNGUARDED_AVAILABILITY = YES_AGGRESSIVE;
				CLANG_WARN_UNREACHABLE_CODE = YES;
				CLANG_WARN__DUPLICATE_METHOD_MATCH = YES;
				COPY_PHASE_STRIP = NO;
				DEBUG_INFORMATION_FORMAT = "dwarf-with-dsym";
				ENABLE_NS_ASSERTIONS = NO;
				ENABLE_STRICT_OBJC_MSGSEND = YES;
				ENABLE_USER_SCRIPT_SANDBOXING = YES;
				GCC_C_LANGUAGE_STANDARD = gnu17;
				GCC_NO_COMMON_BLOCKS = YES;
				GCC_WARN_64_TO_32_BIT_CONVERSION = YES;
				GCC_WARN_ABOUT_RETURN_TYPE = YES_ERROR;
				GCC_WARN_UNDECLARED_SELECTOR = YES;
				GCC_WARN_UNINITIALIZED_AUTOS = YES_AGGRESSIVE;
				GCC_WARN_UNUSED_FUNCTION = YES;
				GCC_WARN_UNUSED_VARIABLE = YES;
				IPHONEOS_DEPLOYMENT_TARGET = 17.4;
				LOCALIZATION_PREFERS_STRING_CATALOGS = YES;
				MTL_ENABLE_DEBUG_INFO = NO;
				MTL_FAST_MATH = YES;
				SDKROOT = iphoneos;
				SWIFT_COMPILATION_MODE = wholemodule;
				VALIDATE_PRODUCT = YES;
			};
			name = Release;
		};
		4A2EF3AB2C2DEF4600A6E6F1 /* Debug */ = {
			isa = XCBuildConfiguration;
			buildSettings = {
				ASSETCATALOG_COMPILER_APPICON_NAME = AppIcon;
				ASSETCATALOG_COMPILER_GLOBAL_ACCENT_COLOR_NAME = AccentColor;
				CODE_SIGN_STYLE = Automatic;
				CURRENT_PROJECT_VERSION = 1;
				DEVELOPMENT_ASSET_PATHS = "\"SwiftDataCoreData/Preview Content\"";
				DEVELOPMENT_TEAM = ZAKSG2QLGT;
				ENABLE_PREVIEWS = YES;
				GENERATE_INFOPLIST_FILE = YES;
				INFOPLIST_KEY_UIApplicationSceneManifest_Generation = YES;
				INFOPLIST_KEY_UIApplicationSupportsIndirectInputEvents = YES;
				INFOPLIST_KEY_UILaunchScreen_Generation = YES;
				INFOPLIST_KEY_UISupportedInterfaceOrientations = UIInterfaceOrientationPortrait;
				INFOPLIST_KEY_UIUserInterfaceStyle = Light;
				LD_RUNPATH_SEARCH_PATHS = (
					"$(inherited)",
					"@executable_path/Frameworks",
				);
				MARKETING_VERSION = 1.0;
				PRODUCT_BUNDLE_IDENTIFIER = vitorcosta.SwiftDataCoreData;
				PRODUCT_NAME = "$(TARGET_NAME)";
				SUPPORTED_PLATFORMS = "iphoneos iphonesimulator";
				SUPPORTS_MACCATALYST = NO;
				SUPPORTS_XR_DESIGNED_FOR_IPHONE_IPAD = NO;
				SWIFT_EMIT_LOC_STRINGS = YES;
				SWIFT_VERSION = 5.0;
				TARGETED_DEVICE_FAMILY = "1,2";
			};
			name = Debug;
		};
		4A2EF3AC2C2DEF4600A6E6F1 /* Release */ = {
			isa = XCBuildConfiguration;
			buildSettings = {
				ASSETCATALOG_COMPILER_APPICON_NAME = AppIcon;
				ASSETCATALOG_COMPILER_GLOBAL_ACCENT_COLOR_NAME = AccentColor;
				CODE_SIGN_STYLE = Automatic;
				CURRENT_PROJECT_VERSION = 1;
				DEVELOPMENT_ASSET_PATHS = "\"SwiftDataCoreData/Preview Content\"";
				DEVELOPMENT_TEAM = ZAKSG2QLGT;
				ENABLE_PREVIEWS = YES;
				GENERATE_INFOPLIST_FILE = YES;
				INFOPLIST_KEY_UIApplicationSceneManifest_Generation = YES;
				INFOPLIST_KEY_UIApplicationSupportsIndirectInputEvents = YES;
				INFOPLIST_KEY_UILaunchScreen_Generation = YES;
				INFOPLIST_KEY_UISupportedInterfaceOrientations = UIInterfaceOrientationPortrait;
				INFOPLIST_KEY_UIUserInterfaceStyle = Light;
				LD_RUNPATH_SEARCH_PATHS = (
					"$(inherited)",
					"@executable_path/Frameworks",
				);
				MARKETING_VERSION = 1.0;
				PRODUCT_BUNDLE_IDENTIFIER = vitorcosta.SwiftDataCoreData;
				PRODUCT_NAME = "$(TARGET_NAME)";
				SUPPORTED_PLATFORMS = "iphoneos iphonesimulator";
				SUPPORTS_MACCATALYST = NO;
				SUPPORTS_XR_DESIGNED_FOR_IPHONE_IPAD = NO;
				SWIFT_EMIT_LOC_STRINGS = YES;
				SWIFT_VERSION = 5.0;
				TARGETED_DEVICE_FAMILY = "1,2";
			};
			name = Release;
		};
		4A2EF3AE2C2DEF4600A6E6F1 /* Debug */ = {
			isa = XCBuildConfiguration;
			buildSettings = {
				ALWAYS_EMBED_SWIFT_STANDARD_LIBRARIES = YES;
				BUNDLE_LOADER = "$(TEST_HOST)";
				CODE_SIGN_STYLE = Automatic;
				CURRENT_PROJECT_VERSION = 1;
				DEVELOPMENT_TEAM = ZAKSG2QLGT;
				GENERATE_INFOPLIST_FILE = YES;
				IPHONEOS_DEPLOYMENT_TARGET = 17.4;
				MARKETING_VERSION = 1.0;
				PRODUCT_BUNDLE_IDENTIFIER = vitorcosta.SwiftDataCoreDataTests;
				PRODUCT_NAME = "$(TARGET_NAME)";
				SUPPORTED_PLATFORMS = "iphoneos iphonesimulator";
				SUPPORTS_MACCATALYST = NO;
				SUPPORTS_MAC_DESIGNED_FOR_IPHONE_IPAD = NO;
				SUPPORTS_XR_DESIGNED_FOR_IPHONE_IPAD = NO;
				SWIFT_EMIT_LOC_STRINGS = NO;
				SWIFT_VERSION = 5.0;
				TARGETED_DEVICE_FAMILY = "1,2";
				TEST_HOST = "$(BUILT_PRODUCTS_DIR)/SwiftDataCoreData.app/$(BUNDLE_EXECUTABLE_FOLDER_PATH)/SwiftDataCoreData";
			};
			name = Debug;
		};
		4A2EF3AF2C2DEF4600A6E6F1 /* Release */ = {
			isa = XCBuildConfiguration;
			buildSettings = {
				ALWAYS_EMBED_SWIFT_STANDARD_LIBRARIES = YES;
				BUNDLE_LOADER = "$(TEST_HOST)";
				CODE_SIGN_STYLE = Automatic;
				CURRENT_PROJECT_VERSION = 1;
				DEVELOPMENT_TEAM = ZAKSG2QLGT;
				GENERATE_INFOPLIST_FILE = YES;
				IPHONEOS_DEPLOYMENT_TARGET = 17.4;
				MARKETING_VERSION = 1.0;
				PRODUCT_BUNDLE_IDENTIFIER = vitorcosta.SwiftDataCoreDataTests;
				PRODUCT_NAME = "$(TARGET_NAME)";
				SUPPORTED_PLATFORMS = "iphoneos iphonesimulator";
				SUPPORTS_MACCATALYST = NO;
				SUPPORTS_MAC_DESIGNED_FOR_IPHONE_IPAD = NO;
				SUPPORTS_XR_DESIGNED_FOR_IPHONE_IPAD = NO;
				SWIFT_EMIT_LOC_STRINGS = NO;
				SWIFT_VERSION = 5.0;
				TARGETED_DEVICE_FAMILY = "1,2";
				TEST_HOST = "$(BUILT_PRODUCTS_DIR)/SwiftDataCoreData.app/$(BUNDLE_EXECUTABLE_FOLDER_PATH)/SwiftDataCoreData";
			};
			name = Release;
		};
/* End XCBuildConfiguration section */

/* Begin XCConfigurationList section */
		4A2EF3812C2DEF4500A6E6F1 /* Build configuration list for PBXProject "SwiftDataCoreData" */ = {
			isa = XCConfigurationList;
			buildConfigurations = (
				4A2EF3A82C2DEF4600A6E6F1 /* Debug */,
				4A2EF3A92C2DEF4600A6E6F1 /* Release */,
			);
			defaultConfigurationIsVisible = 0;
			defaultConfigurationName = Release;
		};
		4A2EF3AA2C2DEF4600A6E6F1 /* Build configuration list for PBXNativeTarget "SwiftDataCoreData" */ = {
			isa = XCConfigurationList;
			buildConfigurations = (
				4A2EF3AB2C2DEF4600A6E6F1 /* Debug */,
				4A2EF3AC2C2DEF4600A6E6F1 /* Release */,
			);
			defaultConfigurationIsVisible = 0;
			defaultConfigurationName = Release;
		};
		4A2EF3AD2C2DEF4600A6E6F1 /* Build configuration list for PBXNativeTarget "SwiftDataCoreDataTests" */ = {
			isa = XCConfigurationList;
			buildConfigurations = (
				4A2EF3AE2C2DEF4600A6E6F1 /* Debug */,
				4A2EF3AF2C2DEF4600A6E6F1 /* Release */,
			);
			defaultConfigurationIsVisible = 0;
			defaultConfigurationName = Release;
		};
/* End XCConfigurationList section */
	};
	rootObject = 4A2EF37E2C2DEF4500A6E6F1 /* Project object */;
}
